// !$*UTF8*$!
{
	archiveVersion = 1;
	classes = {
	};
	objectVersion = 50;
	objects = {

/* Begin PBXBuildFile section */
		64A8E1232366B91C00FA4016 /* AppDelegate.swift in Sources */ = {isa = PBXBuildFile; fileRef = 64A8E1222366B91C00FA4016 /* AppDelegate.swift */; };
		64A8E1252366B91C00FA4016 /* SceneDelegate.swift in Sources */ = {isa = PBXBuildFile; fileRef = 64A8E1242366B91C00FA4016 /* SceneDelegate.swift */; };
		64A8E1272366B91C00FA4016 /* ViewController.swift in Sources */ = {isa = PBXBuildFile; fileRef = 64A8E1262366B91C00FA4016 /* ViewController.swift */; };
		64A8E12A2366B91C00FA4016 /* Main.storyboard in Resources */ = {isa = PBXBuildFile; fileRef = 64A8E1282366B91C00FA4016 /* Main.storyboard */; };
		64A8E12D2366B91C00FA4016 /* SwiftCoreData.xcdatamodeld in Sources */ = {isa = PBXBuildFile; fileRef = 64A8E12B2366B91C00FA4016 /* SwiftCoreData.xcdatamodeld */; };
		64A8E12F2366B92100FA4016 /* Assets.xcassets in Resources */ = {isa = PBXBuildFile; fileRef = 64A8E12E2366B92100FA4016 /* Assets.xcassets */; };
		64A8E1322366B92100FA4016 /* LaunchScreen.storyboard in Resources */ = {isa = PBXBuildFile; fileRef = 64A8E1302366B92100FA4016 /* LaunchScreen.storyboard */; };
		64A8E13D2366B92100FA4016 /* SwiftCoreDataTests.swift in Sources */ = {isa = PBXBuildFile; fileRef = 64A8E13C2366B92100FA4016 /* SwiftCoreDataTests.swift */; };
		64A8E1482366B92100FA4016 /* SwiftCoreDataUITests.swift in Sources */ = {isa = PBXBuildFile; fileRef = 64A8E1472366B92100FA4016 /* SwiftCoreDataUITests.swift */; };
		64A8E1572366BC1500FA4016 /* Storemanager.swift in Sources */ = {isa = PBXBuildFile; fileRef = 64A8E1562366BC1500FA4016 /* Storemanager.swift */; };
		64A8E15A2366CC8400FA4016 /* Task.swift in Sources */ = {isa = PBXBuildFile; fileRef = 64A8E1592366CC8400FA4016 /* Task.swift */; };
/* End PBXBuildFile section */

/* Begin PBXContainerItemProxy section */
		64A8E1392366B92100FA4016 /* PBXContainerItemProxy */ = {
			isa = PBXContainerItemProxy;
			containerPortal = 64A8E1172366B91C00FA4016 /* Project object */;
			proxyType = 1;
			remoteGlobalIDString = 64A8E11E2366B91C00FA4016;
			remoteInfo = SwiftCoreData;
		};
		64A8E1442366B92100FA4016 /* PBXContainerItemProxy */ = {
			isa = PBXContainerItemProxy;
			containerPortal = 64A8E1172366B91C00FA4016 /* Project object */;
			proxyType = 1;
			remoteGlobalIDString = 64A8E11E2366B91C00FA4016;
			remoteInfo = SwiftCoreData;
		};
/* End PBXContainerItemProxy section */

/* Begin PBXFileReference section */
		64A8E11F2366B91C00FA4016 /* SwiftCoreData.app */ = {isa = PBXFileReference; explicitFileType = wrapper.application; includeInIndex = 0; path = SwiftCoreData.app; sourceTree = BUILT_PRODUCTS_DIR; };
		64A8E1222366B91C00FA4016 /* AppDelegate.swift */ = {isa = PBXFileReference; lastKnownFileType = sourcecode.swift; path = AppDelegate.swift; sourceTree = "<group>"; };
		64A8E1242366B91C00FA4016 /* SceneDelegate.swift */ = {isa = PBXFileReference; lastKnownFileType = sourcecode.swift; path = SceneDelegate.swift; sourceTree = "<group>"; };
		64A8E1262366B91C00FA4016 /* ViewController.swift */ = {isa = PBXFileReference; lastKnownFileType = sourcecode.swift; path = ViewController.swift; sourceTree = "<group>"; };
		64A8E1292366B91C00FA4016 /* Base */ = {isa = PBXFileReference; lastKnownFileType = file.storyboard; name = Base; path = Base.lproj/Main.storyboard; sourceTree = "<group>"; };
		64A8E12C2366B91C00FA4016 /* SwiftCoreData.xcdatamodel */ = {isa = PBXFileReference; lastKnownFileType = wrapper.xcdatamodel; path = SwiftCoreData.xcdatamodel; sourceTree = "<group>"; };
		64A8E12E2366B92100FA4016 /* Assets.xcassets */ = {isa = PBXFileReference; lastKnownFileType = folder.assetcatalog; path = Assets.xcassets; sourceTree = "<group>"; };
		64A8E1312366B92100FA4016 /* Base */ = {isa = PBXFileReference; lastKnownFileType = file.storyboard; name = Base; path = Base.lproj/LaunchScreen.storyboard; sourceTree = "<group>"; };
		64A8E1332366B92100FA4016 /* Info.plist */ = {isa = PBXFileReference; lastKnownFileType = text.plist.xml; path = Info.plist; sourceTree = "<group>"; };
		64A8E1382366B92100FA4016 /* SwiftCoreDataTests.xctest */ = {isa = PBXFileReference; explicitFileType = wrapper.cfbundle; includeInIndex = 0; path = SwiftCoreDataTests.xctest; sourceTree = BUILT_PRODUCTS_DIR; };
		64A8E13C2366B92100FA4016 /* SwiftCoreDataTests.swift */ = {isa = PBXFileReference; lastKnownFileType = sourcecode.swift; path = SwiftCoreDataTests.swift; sourceTree = "<group>"; };
		64A8E13E2366B92100FA4016 /* Info.plist */ = {isa = PBXFileReference; lastKnownFileType = text.plist.xml; path = Info.plist; sourceTree = "<group>"; };
		64A8E1432366B92100FA4016 /* SwiftCoreDataUITests.xctest */ = {isa = PBXFileReference; explicitFileType = wrapper.cfbundle; includeInIndex = 0; path = SwiftCoreDataUITests.xctest; sourceTree = BUILT_PRODUCTS_DIR; };
		64A8E1472366B92100FA4016 /* SwiftCoreDataUITests.swift */ = {isa = PBXFileReference; lastKnownFileType = sourcecode.swift; path = SwiftCoreDataUITests.swift; sourceTree = "<group>"; };
		64A8E1492366B92100FA4016 /* Info.plist */ = {isa = PBXFileReference; lastKnownFileType = text.plist.xml; path = Info.plist; sourceTree = "<group>"; };
		64A8E1562366BC1500FA4016 /* Storemanager.swift */ = {isa = PBXFileReference; lastKnownFileType = sourcecode.swift; path = Storemanager.swift; sourceTree = "<group>"; };
		64A8E1592366CC8400FA4016 /* Task.swift */ = {isa = PBXFileReference; lastKnownFileType = sourcecode.swift; path = Task.swift; sourceTree = "<group>"; };
/* End PBXFileReference section */

/* Begin PBXFrameworksBuildPhase section */
		64A8E11C2366B91C00FA4016 /* Frameworks */ = {
			isa = PBXFrameworksBuildPhase;
			buildActionMask = 2147483647;
			files = (
			);
			runOnlyForDeploymentPostprocessing = 0;
		};
		64A8E1352366B92100FA4016 /* Frameworks */ = {
			isa = PBXFrameworksBuildPhase;
			buildActionMask = 2147483647;
			files = (
			);
			runOnlyForDeploymentPostprocessing = 0;
		};
		64A8E1402366B92100FA4016 /* Frameworks */ = {
			isa = PBXFrameworksBuildPhase;
			buildActionMask = 2147483647;
			files = (
			);
			runOnlyForDeploymentPostprocessing = 0;
		};
/* End PBXFrameworksBuildPhase section */

/* Begin PBXGroup section */
		64A8E1162366B91C00FA4016 = {
			isa = PBXGroup;
			children = (
				64A8E1582366CC7500FA4016 /* DataModel */,
				64A8E1212366B91C00FA4016 /* SwiftCoreData */,
				64A8E1552366BBEC00FA4016 /* DataStoreManager */,
				64A8E13B2366B92100FA4016 /* SwiftCoreDataTests */,
				64A8E1462366B92100FA4016 /* SwiftCoreDataUITests */,
				64A8E1202366B91C00FA4016 /* Products */,
			);
			sourceTree = "<group>";
		};
		64A8E1202366B91C00FA4016 /* Products */ = {
			isa = PBXGroup;
			children = (
				64A8E11F2366B91C00FA4016 /* SwiftCoreData.app */,
				64A8E1382366B92100FA4016 /* SwiftCoreDataTests.xctest */,
				64A8E1432366B92100FA4016 /* SwiftCoreDataUITests.xctest */,
			);
			name = Products;
			sourceTree = "<group>";
		};
		64A8E1212366B91C00FA4016 /* SwiftCoreData */ = {
			isa = PBXGroup;
			children = (
				64A8E1222366B91C00FA4016 /* AppDelegate.swift */,
				64A8E1242366B91C00FA4016 /* SceneDelegate.swift */,
				64A8E1262366B91C00FA4016 /* ViewController.swift */,
				64A8E1282366B91C00FA4016 /* Main.storyboard */,
				64A8E12E2366B92100FA4016 /* Assets.xcassets */,
				64A8E1302366B92100FA4016 /* LaunchScreen.storyboard */,
				64A8E1332366B92100FA4016 /* Info.plist */,
				64A8E12B2366B91C00FA4016 /* SwiftCoreData.xcdatamodeld */,
			);
			path = SwiftCoreData;
			sourceTree = "<group>";
		};
		64A8E13B2366B92100FA4016 /* SwiftCoreDataTests */ = {
			isa = PBXGroup;
			children = (
				64A8E13C2366B92100FA4016 /* SwiftCoreDataTests.swift */,
				64A8E13E2366B92100FA4016 /* Info.plist */,
			);
			path = SwiftCoreDataTests;
			sourceTree = "<group>";
		};
		64A8E1462366B92100FA4016 /* SwiftCoreDataUITests */ = {
			isa = PBXGroup;
			children = (
				64A8E1472366B92100FA4016 /* SwiftCoreDataUITests.swift */,
				64A8E1492366B92100FA4016 /* Info.plist */,
			);
			path = SwiftCoreDataUITests;
			sourceTree = "<group>";
		};
		64A8E1552366BBEC00FA4016 /* DataStoreManager */ = {
			isa = PBXGroup;
			children = (
				64A8E1562366BC1500FA4016 /* Storemanager.swift */,
			);
			path = DataStoreManager;
			sourceTree = "<group>";
		};
		64A8E1582366CC7500FA4016 /* DataModel */ = {
			isa = PBXGroup;
			children = (
				64A8E1592366CC8400FA4016 /* Task.swift */,
			);
			path = DataModel;
			sourceTree = "<group>";
		};
/* End PBXGroup section */

/* Begin PBXNativeTarget section */
		64A8E11E2366B91C00FA4016 /* SwiftCoreData */ = {
			isa = PBXNativeTarget;
			buildConfigurationList = 64A8E14C2366B92100FA4016 /* Build configuration list for PBXNativeTarget "SwiftCoreData" */;
			buildPhases = (
				64A8E11B2366B91C00FA4016 /* Sources */,
				64A8E11C2366B91C00FA4016 /* Frameworks */,
				64A8E11D2366B91C00FA4016 /* Resources */,
			);
			buildRules = (
			);
			dependencies = (
			);
			name = SwiftCoreData;
			productName = SwiftCoreData;
			productReference = 64A8E11F2366B91C00FA4016 /* SwiftCoreData.app */;
			productType = "com.apple.product-type.application";
		};
		64A8E1372366B92100FA4016 /* SwiftCoreDataTests */ = {
			isa = PBXNativeTarget;
			buildConfigurationList = 64A8E14F2366B92100FA4016 /* Build configuration list for PBXNativeTarget "SwiftCoreDataTests" */;
			buildPhases = (
				64A8E1342366B92100FA4016 /* Sources */,
				64A8E1352366B92100FA4016 /* Frameworks */,
				64A8E1362366B92100FA4016 /* Resources */,
			);
			buildRules = (
			);
			dependencies = (
				64A8E13A2366B92100FA4016 /* PBXTargetDependency */,
			);
			name = SwiftCoreDataTests;
			productName = SwiftCoreDataTests;
			productReference = 64A8E1382366B92100FA4016 /* SwiftCoreDataTests.xctest */;
			productType = "com.apple.product-type.bundle.unit-test";
		};
		64A8E1422366B92100FA4016 /* SwiftCoreDataUITests */ = {
			isa = PBXNativeTarget;
			buildConfigurationList = 64A8E1522366B92100FA4016 /* Build configuration list for PBXNativeTarget "SwiftCoreDataUITests" */;
			buildPhases = (
				64A8E13F2366B92100FA4016 /* Sources */,
				64A8E1402366B92100FA4016 /* Frameworks */,
				64A8E1412366B92100FA4016 /* Resources */,
			);
			buildRules = (
			);
			dependencies = (
				64A8E1452366B92100FA4016 /* PBXTargetDependency */,
			);
			name = SwiftCoreDataUITests;
			productName = SwiftCoreDataUITests;
			productReference = 64A8E1432366B92100FA4016 /* SwiftCoreDataUITests.xctest */;
			productType = "com.apple.product-type.bundle.ui-testing";
		};
/* End PBXNativeTarget section */

/* Begin PBXProject section */
		64A8E1172366B91C00FA4016 /* Project object */ = {
			isa = PBXProject;
			attributes = {
				LastSwiftUpdateCheck = 1110;
				LastUpgradeCheck = 1110;
				ORGANIZATIONNAME = "Mushtaque Ahmed";
				TargetAttributes = {
					64A8E11E2366B91C00FA4016 = {
						CreatedOnToolsVersion = 11.1;
					};
					64A8E1372366B92100FA4016 = {
						CreatedOnToolsVersion = 11.1;
						TestTargetID = 64A8E11E2366B91C00FA4016;
					};
					64A8E1422366B92100FA4016 = {
						CreatedOnToolsVersion = 11.1;
						TestTargetID = 64A8E11E2366B91C00FA4016;
					};
				};
			};
			buildConfigurationList = 64A8E11A2366B91C00FA4016 /* Build configuration list for PBXProject "SwiftCoreData" */;
			compatibilityVersion = "Xcode 9.3";
			developmentRegion = en;
			hasScannedForEncodings = 0;
			knownRegions = (
				en,
				Base,
			);
			mainGroup = 64A8E1162366B91C00FA4016;
			productRefGroup = 64A8E1202366B91C00FA4016 /* Products */;
			projectDirPath = "";
			projectRoot = "";
			targets = (
				64A8E11E2366B91C00FA4016 /* SwiftCoreData */,
				64A8E1372366B92100FA4016 /* SwiftCoreDataTests */,
				64A8E1422366B92100FA4016 /* SwiftCoreDataUITests */,
			);
		};
/* End PBXProject section */

/* Begin PBXResourcesBuildPhase section */
		64A8E11D2366B91C00FA4016 /* Resources */ = {
			isa = PBXResourcesBuildPhase;
			buildActionMask = 2147483647;
			files = (
				64A8E1322366B92100FA4016 /* LaunchScreen.storyboard in Resources */,
				64A8E12F2366B92100FA4016 /* Assets.xcassets in Resources */,
				64A8E12A2366B91C00FA4016 /* Main.storyboard in Resources */,
			);
			runOnlyForDeploymentPostprocessing = 0;
		};
		64A8E1362366B92100FA4016 /* Resources */ = {
			isa = PBXResourcesBuildPhase;
			buildActionMask = 2147483647;
			files = (
			);
			runOnlyForDeploymentPostprocessing = 0;
		};
		64A8E1412366B92100FA4016 /* Resources */ = {
			isa = PBXResourcesBuildPhase;
			buildActionMask = 2147483647;
			files = (
			);
			runOnlyForDeploymentPostprocessing = 0;
		};
/* End PBXResourcesBuildPhase section */

/* Begin PBXSourcesBuildPhase section */
		64A8E11B2366B91C00FA4016 /* Sources */ = {
			isa = PBXSourcesBuildPhase;
			buildActionMask = 2147483647;
			files = (
				64A8E1272366B91C00FA4016 /* ViewController.swift in Sources */,
				64A8E1232366B91C00FA4016 /* AppDelegate.swift in Sources */,
				64A8E12D2366B91C00FA4016 /* SwiftCoreData.xcdatamodeld in Sources */,
				64A8E1252366B91C00FA4016 /* SceneDelegate.swift in Sources */,
				64A8E15A2366CC8400FA4016 /* Task.swift in Sources */,
				64A8E1572366BC1500FA4016 /* Storemanager.swift in Sources */,
			);
			runOnlyForDeploymentPostprocessing = 0;
		};
		64A8E1342366B92100FA4016 /* Sources */ = {
			isa = PBXSourcesBuildPhase;
			buildActionMask = 2147483647;
			files = (
				64A8E13D2366B92100FA4016 /* SwiftCoreDataTests.swift in Sources */,
			);
			runOnlyForDeploymentPostprocessing = 0;
		};
		64A8E13F2366B92100FA4016 /* Sources */ = {
			isa = PBXSourcesBuildPhase;
			buildActionMask = 2147483647;
			files = (
				64A8E1482366B92100FA4016 /* SwiftCoreDataUITests.swift in Sources */,
			);
			runOnlyForDeploymentPostprocessing = 0;
		};
/* End PBXSourcesBuildPhase section */

/* Begin PBXTargetDependency section */
		64A8E13A2366B92100FA4016 /* PBXTargetDependency */ = {
			isa = PBXTargetDependency;
			target = 64A8E11E2366B91C00FA4016 /* SwiftCoreData */;
			targetProxy = 64A8E1392366B92100FA4016 /* PBXContainerItemProxy */;
		};
		64A8E1452366B92100FA4016 /* PBXTargetDependency */ = {
			isa = PBXTargetDependency;
			target = 64A8E11E2366B91C00FA4016 /* SwiftCoreData */;
			targetProxy = 64A8E1442366B92100FA4016 /* PBXContainerItemProxy */;
		};
/* End PBXTargetDependency section */

/* Begin PBXVariantGroup section */
		64A8E1282366B91C00FA4016 /* Main.storyboard */ = {
			isa = PBXVariantGroup;
			children = (
				64A8E1292366B91C00FA4016 /* Base */,
			);
			name = Main.storyboard;
			sourceTree = "<group>";
		};
		64A8E1302366B92100FA4016 /* LaunchScreen.storyboard */ = {
			isa = PBXVariantGroup;
			children = (
				64A8E1312366B92100FA4016 /* Base */,
			);
			name = LaunchScreen.storyboard;
			sourceTree = "<group>";
		};
/* End PBXVariantGroup section */

/* Begin XCBuildConfiguration section */
		64A8E14A2366B92100FA4016 /* Debug */ = {
			isa = XCBuildConfiguration;
			buildSettings = {
				ALWAYS_SEARCH_USER_PATHS = NO;
				CLANG_ANALYZER_NONNULL = YES;
				CLANG_ANALYZER_NUMBER_OBJECT_CONVERSION = YES_AGGRESSIVE;
				CLANG_CXX_LANGUAGE_STANDARD = "gnu++14";
				CLANG_CXX_LIBRARY = "libc++";
				CLANG_ENABLE_MODULES = YES;
				CLANG_ENABLE_OBJC_ARC = YES;
				CLANG_ENABLE_OBJC_WEAK = YES;
				CLANG_WARN_BLOCK_CAPTURE_AUTORELEASING = YES;
				CLANG_WARN_BOOL_CONVERSION = YES;
				CLANG_WARN_COMMA = YES;
				CLANG_WARN_CONSTANT_CONVERSION = YES;
				CLANG_WARN_DEPRECATED_OBJC_IMPLEMENTATIONS = YES;
				CLANG_WARN_DIRECT_OBJC_ISA_USAGE = YES_ERROR;
				CLANG_WARN_DOCUMENTATION_COMMENTS = YES;
				CLANG_WARN_EMPTY_BODY = YES;
				CLANG_WARN_ENUM_CONVERSION = YES;
				CLANG_WARN_INFINITE_RECURSION = YES;
				CLANG_WARN_INT_CONVERSION = YES;
				CLANG_WARN_NON_LITERAL_NULL_CONVERSION = YES;
				CLANG_WARN_OBJC_IMPLICIT_RETAIN_SELF = YES;
				CLANG_WARN_OBJC_LITERAL_CONVERSION = YES;
				CLANG_WARN_OBJC_ROOT_CLASS = YES_ERROR;
				CLANG_WARN_RANGE_LOOP_ANALYSIS = YES;
				CLANG_WARN_STRICT_PROTOTYPES = YES;
				CLANG_WARN_SUSPICIOUS_MOVE = YES;
				CLANG_WARN_UNGUARDED_AVAILABILITY = YES_AGGRESSIVE;
				CLANG_WARN_UNREACHABLE_CODE = YES;
				CLANG_WARN__DUPLICATE_METHOD_MATCH = YES;
				COPY_PHASE_STRIP = NO;
				DEBUG_INFORMATION_FORMAT = dwarf;
				ENABLE_STRICT_OBJC_MSGSEND = YES;
				ENABLE_TESTABILITY = YES;
				GCC_C_LANGUAGE_STANDARD = gnu11;
				GCC_DYNAMIC_NO_PIC = NO;
				GCC_NO_COMMON_BLOCKS = YES;
				GCC_OPTIMIZATION_LEVEL = 0;
				GCC_PREPROCESSOR_DEFINITIONS = (
					"DEBUG=1",
					"$(inherited)",
				);
				GCC_WARN_64_TO_32_BIT_CONVERSION = YES;
				GCC_WARN_ABOUT_RETURN_TYPE = YES_ERROR;
				GCC_WARN_UNDECLARED_SELECTOR = YES;
				GCC_WARN_UNINITIALIZED_AUTOS = YES_AGGRESSIVE;
				GCC_WARN_UNUSED_FUNCTION = YES;
				GCC_WARN_UNUSED_VARIABLE = YES;
				IPHONEOS_DEPLOYMENT_TARGET = 13.1;
				MTL_ENABLE_DEBUG_INFO = INCLUDE_SOURCE;
				MTL_FAST_MATH = YES;
				ONLY_ACTIVE_ARCH = YES;
				SDKROOT = iphoneos;
				SWIFT_ACTIVE_COMPILATION_CONDITIONS = DEBUG;
				SWIFT_OPTIMIZATION_LEVEL = "-Onone";
			};
			name = Debug;
		};
		64A8E14B2366B92100FA4016 /* Release */ = {
			isa = XCBuildConfiguration;
			buildSettings = {
				ALWAYS_SEARCH_USER_PATHS = NO;
				CLANG_ANALYZER_NONNULL = YES;
				CLANG_ANALYZER_NUMBER_OBJECT_CONVERSION = YES_AGGRESSIVE;
				CLANG_CXX_LANGUAGE_STANDARD = "gnu++14";
				CLANG_CXX_LIBRARY = "libc++";
				CLANG_ENABLE_MODULES = YES;
				CLANG_ENABLE_OBJC_ARC = YES;
				CLANG_ENABLE_OBJC_WEAK = YES;
				CLANG_WARN_BLOCK_CAPTURE_AUTORELEASING = YES;
				CLANG_WARN_BOOL_CONVERSION = YES;
				CLANG_WARN_COMMA = YES;
				CLANG_WARN_CONSTANT_CONVERSION = YES;
				CLANG_WARN_DEPRECATED_OBJC_IMPLEMENTATIONS = YES;
				CLANG_WARN_DIRECT_OBJC_ISA_USAGE = YES_ERROR;
				CLANG_WARN_DOCUMENTATION_COMMENTS = YES;
				CLANG_WARN_EMPTY_BODY = YES;
				CLANG_WARN_ENUM_CONVERSION = YES;
				CLANG_WARN_INFINITE_RECURSION = YES;
				CLANG_WARN_INT_CONVERSION = YES;
				CLANG_WARN_NON_LITERAL_NULL_CONVERSION = YES;
				CLANG_WARN_OBJC_IMPLICIT_RETAIN_SELF = YES;
				CLANG_WARN_OBJC_LITERAL_CONVERSION = YES;
				CLANG_WARN_OBJC_ROOT_CLASS = YES_ERROR;
				CLANG_WARN_RANGE_LOOP_ANALYSIS = YES;
				CLANG_WARN_STRICT_PROTOTYPES = YES;
				CLANG_WARN_SUSPICIOUS_MOVE = YES;
				CLANG_WARN_UNGUARDED_AVAILABILITY = YES_AGGRESSIVE;
				CLANG_WARN_UNREACHABLE_CODE = YES;
				CLANG_WARN__DUPLICATE_METHOD_MATCH = YES;
				COPY_PHASE_STRIP = NO;
				DEBUG_INFORMATION_FORMAT = "dwarf-with-dsym";
				ENABLE_NS_ASSERTIONS = NO;
				ENABLE_STRICT_OBJC_MSGSEND = YES;
				GCC_C_LANGUAGE_STANDARD = gnu11;
				GCC_NO_COMMON_BLOCKS = YES;
				GCC_WARN_64_TO_32_BIT_CONVERSION = YES;
				GCC_WARN_ABOUT_RETURN_TYPE = YES_ERROR;
				GCC_WARN_UNDECLARED_SELECTOR = YES;
				GCC_WARN_UNINITIALIZED_AUTOS = YES_AGGRESSIVE;
				GCC_WARN_UNUSED_FUNCTION = YES;
				GCC_WARN_UNUSED_VARIABLE = YES;
				IPHONEOS_DEPLOYMENT_TARGET = 13.1;
				MTL_ENABLE_DEBUG_INFO = NO;
				MTL_FAST_MATH = YES;
				SDKROOT = iphoneos;
				SWIFT_COMPILATION_MODE = wholemodule;
				SWIFT_OPTIMIZATION_LEVEL = "-O";
				VALIDATE_PRODUCT = YES;
			};
			name = Release;
		};
		64A8E14D2366B92100FA4016 /* Debug */ = {
			isa = XCBuildConfiguration;
			buildSettings = {
				ASSETCATALOG_COMPILER_APPICON_NAME = AppIcon;
				CODE_SIGN_STYLE = Automatic;
				DEVELOPMENT_TEAM = RPM2Q89BYU;
				INFOPLIST_FILE = SwiftCoreData/Info.plist;
				LD_RUNPATH_SEARCH_PATHS = (
					"$(inherited)",
					"@executable_path/Frameworks",
				);
				PRODUCT_BUNDLE_IDENTIFIER = com.aliftech.SwiftCoreData;
				PRODUCT_NAME = "$(TARGET_NAME)";
				SWIFT_VERSION = 5.0;
				TARGETED_DEVICE_FAMILY = "1,2";
			};
			name = Debug;
		};
		64A8E14E2366B92100FA4016 /* Release */ = {
			isa = XCBuildConfiguration;
			buildSettings = {
				ASSETCATALOG_COMPILER_APPICON_NAME = AppIcon;
				CODE_SIGN_STYLE = Automatic;
				DEVELOPMENT_TEAM = RPM2Q89BYU;
				INFOPLIST_FILE = SwiftCoreData/Info.plist;
				LD_RUNPATH_SEARCH_PATHS = (
					"$(inherited)",
					"@executable_path/Frameworks",
				);
				PRODUCT_BUNDLE_IDENTIFIER = com.aliftech.SwiftCoreData;
				PRODUCT_NAME = "$(TARGET_NAME)";
				SWIFT_VERSION = 5.0;
				TARGETED_DEVICE_FAMILY = "1,2";
			};
			name = Release;
		};
		64A8E1502366B92100FA4016 /* Debug */ = {
			isa = XCBuildConfiguration;
			buildSettings = {
				ALWAYS_EMBED_SWIFT_STANDARD_LIBRARIES = YES;
				BUNDLE_LOADER = "$(TEST_HOST)";
				CODE_SIGN_STYLE = Automatic;
				DEVELOPMENT_TEAM = RPM2Q89BYU;
				INFOPLIST_FILE = SwiftCoreDataTests/Info.plist;
				IPHONEOS_DEPLOYMENT_TARGET = 13.1;
				LD_RUNPATH_SEARCH_PATHS = (
					"$(inherited)",
					"@executable_path/Frameworks",
					"@loader_path/Frameworks",
				);
				PRODUCT_BUNDLE_IDENTIFIER = com.aliftech.SwiftCoreDataTests;
				PRODUCT_NAME = "$(TARGET_NAME)";
				SWIFT_VERSION = 5.0;
				TARGETED_DEVICE_FAMILY = "1,2";
				TEST_HOST = "$(BUILT_PRODUCTS_DIR)/SwiftCoreData.app/SwiftCoreData";
			};
			name = Debug;
		};
		64A8E1512366B92100FA4016 /* Release */ = {
			isa = XCBuildConfiguration;
			buildSettings = {
				ALWAYS_EMBED_SWIFT_STANDARD_LIBRARIES = YES;
				BUNDLE_LOADER = "$(TEST_HOST)";
				CODE_SIGN_STYLE = Automatic;
				DEVELOPMENT_TEAM = RPM2Q89BYU;
				INFOPLIST_FILE = SwiftCoreDataTests/Info.plist;
				IPHONEOS_DEPLOYMENT_TARGET = 13.1;
				LD_RUNPATH_SEARCH_PATHS = (
					"$(inherited)",
					"@executable_path/Frameworks",
					"@loader_path/Frameworks",
				);
				PRODUCT_BUNDLE_IDENTIFIER = com.aliftech.SwiftCoreDataTests;
				PRODUCT_NAME = "$(TARGET_NAME)";
				SWIFT_VERSION = 5.0;
				TARGETED_DEVICE_FAMILY = "1,2";
				TEST_HOST = "$(BUILT_PRODUCTS_DIR)/SwiftCoreData.app/SwiftCoreData";
			};
			name = Release;
		};
		64A8E1532366B92100FA4016 /* Debug */ = {
			isa = XCBuildConfiguration;
			buildSettings = {
				ALWAYS_EMBED_SWIFT_STANDARD_LIBRARIES = YES;
				CODE_SIGN_STYLE = Automatic;
				DEVELOPMENT_TEAM = RPM2Q89BYU;
				INFOPLIST_FILE = SwiftCoreDataUITests/Info.plist;
				LD_RUNPATH_SEARCH_PATHS = (
					"$(inherited)",
					"@executable_path/Frameworks",
					"@loader_path/Frameworks",
				);
				PRODUCT_BUNDLE_IDENTIFIER = com.aliftech.SwiftCoreDataUITests;
				PRODUCT_NAME = "$(TARGET_NAME)";
				SWIFT_VERSION = 5.0;
				TARGETED_DEVICE_FAMILY = "1,2";
				TEST_TARGET_NAME = SwiftCoreData;
			};
			name = Debug;
		};
		64A8E1542366B92100FA4016 /* Release */ = {
			isa = XCBuildConfiguration;
			buildSettings = {
				ALWAYS_EMBED_SWIFT_STANDARD_LIBRARIES = YES;
				CODE_SIGN_STYLE = Automatic;
				DEVELOPMENT_TEAM = RPM2Q89BYU;
				INFOPLIST_FILE = SwiftCoreDataUITests/Info.plist;
				LD_RUNPATH_SEARCH_PATHS = (
					"$(inherited)",
					"@executable_path/Frameworks",
					"@loader_path/Frameworks",
				);
				PRODUCT_BUNDLE_IDENTIFIER = com.aliftech.SwiftCoreDataUITests;
				PRODUCT_NAME = "$(TARGET_NAME)";
				SWIFT_VERSION = 5.0;
				TARGETED_DEVICE_FAMILY = "1,2";
				TEST_TARGET_NAME = SwiftCoreData;
			};
			name = Release;
		};
/* End XCBuildConfiguration section */

/* Begin XCConfigurationList section */
		64A8E11A2366B91C00FA4016 /* Build configuration list for PBXProject "SwiftCoreData" */ = {
			isa = XCConfigurationList;
			buildConfigurations = (
				64A8E14A2366B92100FA4016 /* Debug */,
				64A8E14B2366B92100FA4016 /* Release */,
			);
			defaultConfigurationIsVisible = 0;
			defaultConfigurationName = Release;
		};
		64A8E14C2366B92100FA4016 /* Build configuration list for PBXNativeTarget "SwiftCoreData" */ = {
			isa = XCConfigurationList;
			buildConfigurations = (
				64A8E14D2366B92100FA4016 /* Debug */,
				64A8E14E2366B92100FA4016 /* Release */,
			);
			defaultConfigurationIsVisible = 0;
			defaultConfigurationName = Release;
		};
		64A8E14F2366B92100FA4016 /* Build configuration list for PBXNativeTarget "SwiftCoreDataTests" */ = {
			isa = XCConfigurationList;
			buildConfigurations = (
				64A8E1502366B92100FA4016 /* Debug */,
				64A8E1512366B92100FA4016 /* Release */,
			);
			defaultConfigurationIsVisible = 0;
			defaultConfigurationName = Release;
		};
		64A8E1522366B92100FA4016 /* Build configuration list for PBXNativeTarget "SwiftCoreDataUITests" */ = {
			isa = XCConfigurationList;
			buildConfigurations = (
				64A8E1532366B92100FA4016 /* Debug */,
				64A8E1542366B92100FA4016 /* Release */,
			);
			defaultConfigurationIsVisible = 0;
			defaultConfigurationName = Release;
		};
/* End XCConfigurationList section */

/* Begin XCVersionGroup section */
		64A8E12B2366B91C00FA4016 /* SwiftCoreData.xcdatamodeld */ = {
			isa = XCVersionGroup;
			children = (
				64A8E12C2366B91C00FA4016 /* SwiftCoreData.xcdatamodel */,
			);
			currentVersion = 64A8E12C2366B91C00FA4016 /* SwiftCoreData.xcdatamodel */;
			path = SwiftCoreData.xcdatamodeld;
			sourceTree = "<group>";
			versionGroupType = wrapper.xcdatamodel;
		};
/* End XCVersionGroup section */
	};
	rootObject = 64A8E1172366B91C00FA4016 /* Project object */;
}
